// !$*UTF8*$!
{
 archiveVersion = 1; classes = {}; objectVersion = 56;
 objects = {
  A00000000000000000000001 = {isa = PBXProject; attributes = {LastUpgradeCheck = 2700;}; buildConfigurationList = A00000000000000000000002; compatibilityVersion = "Xcode 14.0"; developmentRegion = en; knownRegions = (en, Base); mainGroup = A00000000000000000000003; productRefGroup = A00000000000000000000004; projectDirPath = ""; projectRoot = ""; targets = (A00000000000000000000005);};
  A00000000000000000000002 = {isa = XCConfigurationList; buildConfigurations = (A00000000000000000000020, A00000000000000000000021); defaultConfigurationIsVisible = 0; defaultConfigurationName = Release;};
  A00000000000000000000003 = {isa = PBXGroup; children = (A00000000000000000000006, A00000000000000000000007, A00000000000000000000008, A00000000000000000000004); sourceTree = "<group>";};
  A00000000000000000000004 = {isa = PBXGroup; children = (A00000000000000000000009); name = Products; sourceTree = "<group>";};
  A00000000000000000000005 = {isa = PBXNativeTarget; buildConfigurationList = A00000000000000000000010; buildPhases = (A00000000000000000000011, A00000000000000000000012, A00000000000000000000013); buildRules = (); dependencies = (); name = YunzhanMobile; productName = YunzhanMobile; productReference = A00000000000000000000009; productType = "com.apple.product-type.application";};
  A00000000000000000000006 = {isa = PBXFileReference; lastKnownFileType = sourcecode.swift; path = YunzhanMobile.swift; sourceTree = "<group>";};
  A00000000000000000000007 = {isa = PBXFileReference; lastKnownFileType = sourcecode.swift; path = PanelAddress.swift; sourceTree = "<group>";};
  A00000000000000000000008 = {isa = PBXFileReference; lastKnownFileType = text.plist.xml; path = Info.plist; sourceTree = "<group>";};
  A00000000000000000000009 = {isa = PBXFileReference; explicitFileType = wrapper.application; includeInIndex = 0; path = YunzhanMobile.app; sourceTree = BUILT_PRODUCTS_DIR;};
  A00000000000000000000010 = {isa = XCConfigurationList; buildConfigurations = (A00000000000000000000022, A00000000000000000000023); defaultConfigurationIsVisible = 0; defaultConfigurationName = Release;};
  A00000000000000000000011 = {isa = PBXSourcesBuildPhase; buildActionMask = 2147483647; files = (A00000000000000000000014, A00000000000000000000015); runOnlyForDeploymentPostprocessing = 0;};
  A00000000000000000000012 = {isa = PBXFrameworksBuildPhase; buildActionMask = 2147483647; files = (); runOnlyForDeploymentPostprocessing = 0;};
  A00000000000000000000013 = {isa = PBXResourcesBuildPhase; buildActionMask = 2147483647; files = (); runOnlyForDeploymentPostprocessing = 0;};
  A00000000000000000000014 = {isa = PBXBuildFile; fileRef = A00000000000000000000006;};
  A00000000000000000000015 = {isa = PBXBuildFile; fileRef = A00000000000000000000007;};
  A00000000000000000000020 = {isa = XCBuildConfiguration; buildSettings = {CLANG_ENABLE_MODULES = YES; SDKROOT = iphoneos; IPHONEOS_DEPLOYMENT_TARGET = 18.4; SWIFT_VERSION = 5.0;}; name = Debug;};
  A00000000000000000000021 = {isa = XCBuildConfiguration; buildSettings = {CLANG_ENABLE_MODULES = YES; SDKROOT = iphoneos; IPHONEOS_DEPLOYMENT_TARGET = 18.4; SWIFT_VERSION = 5.0;}; name = Release;};
  A00000000000000000000022 = {isa = XCBuildConfiguration; buildSettings = {PRODUCT_BUNDLE_IDENTIFIER = icu.yunzhan.panel; PRODUCT_NAME = "$(TARGET_NAME)"; INFOPLIST_FILE = Info.plist; GENERATE_INFOPLIST_FILE = NO; CODE_SIGN_STYLE = Manual; TARGETED_DEVICE_FAMILY = "1,2"; SWIFT_ACTIVE_COMPILATION_CONDITIONS = DEBUG; SWIFT_OPTIMIZATION_LEVEL = "-Onone"; ENABLE_USER_SCRIPT_SANDBOXING = YES;}; name = Debug;};
  A00000000000000000000023 = {isa = XCBuildConfiguration; buildSettings = {PRODUCT_BUNDLE_IDENTIFIER = icu.yunzhan.panel; PRODUCT_NAME = "$(TARGET_NAME)"; INFOPLIST_FILE = Info.plist; GENERATE_INFOPLIST_FILE = NO; CODE_SIGN_STYLE = Manual; TARGETED_DEVICE_FAMILY = "1,2"; SWIFT_COMPILATION_MODE = wholemodule; SWIFT_OPTIMIZATION_LEVEL = "-O"; ENABLE_USER_SCRIPT_SANDBOXING = YES;}; name = Release;};
 }; rootObject = A00000000000000000000001;
}
